hash: 44fd94c161aa036ab4d75484525be15a9923ffff82b3d2b5d61081622d9ae5ba
updated: 2017-06-18T13:15:13.278376156-04:00
imports:
- name: github.com/0xAX/notificator
  version: 6bcea42e61381c13704c7fb6eb2438950f335832
- name: github.com/alecthomas/template
  version: a0175ee3bccc567396460bf5acd36800cb10c49c
  subpackages:
  - parse
- name: github.com/alecthomas/units
  version: 2efee857e7cfd4f3d0138cc3cbb1b4966962b93a
- name: github.com/godbus/dbus
  version: 012f3c27dcbdbe5d1285634e604e4ef869d83f7d
- name: github.com/influxdata/influxdb
  version: 77909d7c7826afe597b12d957996d6e16cd1afaa
  subpackages:
  - client/v2
- name: github.com/naoina/go-stringutil
  version: 6b638e95a32d0c1131db0e7fe83775cbea4a0d0b
- name: github.com/naoina/toml
  version: e6f5723bf2a66af014955e0888881314cf294129
  subpackages:
  - ast
- name: github.com/pkg/errors
  version: 645ef00459ed84a119197bfb8d8205042c6df63d
- name: golang.org/x/crypto
  version: 850760c427c516be930bc91280636328f1a62286
  subpackages:
  - ssh/terminal
- name: golang.org/x/net
  version: 59a0b19b5533c7977ddeb86b017bf507ed407b12
  subpackages:
  - context
- name: golang.org/x/text
  version: ab6d1c143672de99b9dfde433b7f6affb278cc74
  subpackages:
  - encoding
- name: golang.org/x/tools
  version: 5128de728888ea5cc98be50b4efaabc4d3491274
  subpackages:
  - go/buildutil
- name: gopkg.in/alecthomas/kingpin.v2
  version: 7f0871f2e17818990e4eed73f9b5c2f429501228
- name: gopkg.in/yaml.v1
  version: 9f9df34309c04878acc86042b16630b0f696e1de
testImports: []
